{
  "name": "martesmind",
  "version": "1.0.0",
  "lockfileVersion": 1,
  "requires": true,
  "dependencies": {
    "prize-wheel": {
      "version": "0.0.1",
      "resolved": "https://registry.npmjs.org/prize-wheel/-/prize-wheel-0.0.1.tgz",
      "integrity": "sha1-yHXF2ZAQoi6jd9a6/oI9m8ASeLc="
    },
    "vue": {
      "version": "2.6.11",
      "resolved": "https://registry.npmjs.org/vue/-/vue-2.6.11.tgz",
      "integrity": "sha512-VfPwgcGABbGAue9+sfrD4PuwFar7gPb1yl1UK1MwXoQPAw0BKSqWfoYCT/ThFrdEVWoI51dBuyCoiNU9bZDZxQ=="
    }
  }
}
